// !$*UTF8*$!
{
	archiveVersion = 1;
	classes = {
	};
	objectVersion = 46;
	objects = {

/* Begin PBXBuildFile section */
		DDC19B2D19AAE11900D89172 /* main.m in Sources */ = {isa = PBXBuildFile; fileRef = DDC19B2C19AAE11900D89172 /* main.m */; };
		DDC19B3019AAE11900D89172 /* AppDelegate.m in Sources */ = {isa = PBXBuildFile; fileRef = DDC19B2F19AAE11900D89172 /* AppDelegate.m */; };
		DDC19B3319AAE11900D89172 /* FirstViewController.m in Sources */ = {isa = PBXBuildFile; fileRef = DDC19B3219AAE11900D89172 /* FirstViewController.m */; };
		DDC19B3619AAE11900D89172 /* SecondViewController.m in Sources */ = {isa = PBXBuildFile; fileRef = DDC19B3519AAE11900D89172 /* SecondViewController.m */; };
		DDC19B3919AAE11900D89172 /* Main.storyboard in Resources */ = {isa = PBXBuildFile; fileRef = DDC19B3719AAE11900D89172 /* Main.storyboard */; };
		DDC19B3B19AAE11900D89172 /* Images.xcassets in Resources */ = {isa = PBXBuildFile; fileRef = DDC19B3A19AAE11900D89172 /* Images.xcassets */; };
		DDC19B4719AAE11900D89172 /* testPNChartTests.m in Sources */ = {isa = PBXBuildFile; fileRef = DDC19B4619AAE11900D89172 /* testPNChartTests.m */; };
/* End PBXBuildFile section */

/* Begin PBXContainerItemProxy section */
		DDC19B4119AAE11900D89172 /* PBXContainerItemProxy */ = {
			isa = PBXContainerItemProxy;
			containerPortal = DDC19B1F19AAE11900D89172 /* Project object */;
			proxyType = 1;
			remoteGlobalIDString = DDC19B2619AAE11900D89172;
			remoteInfo = testPNChart;
		};
/* End PBXContainerItemProxy section */

/* Begin PBXFileReference section */
		DDC19B2719AAE11900D89172 /* testPNChart.app */ = {isa = PBXFileReference; explicitFileType = wrapper.application; includeInIndex = 0; path = testPNChart.app; sourceTree = BUILT_PRODUCTS_DIR; };
		DDC19B2B19AAE11900D89172 /* Info.plist */ = {isa = PBXFileReference; lastKnownFileType = text.plist.xml; path = Info.plist; sourceTree = "<group>"; };
		DDC19B2C19AAE11900D89172 /* main.m */ = {isa = PBXFileReference; lastKnownFileType = sourcecode.c.objc; path = main.m; sourceTree = "<group>"; };
		DDC19B2E19AAE11900D89172 /* AppDelegate.h */ = {isa = PBXFileReference; lastKnownFileType = sourcecode.c.h; path = AppDelegate.h; sourceTree = "<group>"; };
		DDC19B2F19AAE11900D89172 /* AppDelegate.m */ = {isa = PBXFileReference; lastKnownFileType = sourcecode.c.objc; path = AppDelegate.m; sourceTree = "<group>"; };
		DDC19B3119AAE11900D89172 /* FirstViewController.h */ = {isa = PBXFileReference; lastKnownFileType = sourcecode.c.h; path = FirstViewController.h; sourceTree = "<group>"; };
		DDC19B3219AAE11900D89172 /* FirstViewController.m */ = {isa = PBXFileReference; lastKnownFileType = sourcecode.c.objc; path = FirstViewController.m; sourceTree = "<group>"; };
		DDC19B3419AAE11900D89172 /* SecondViewController.h */ = {isa = PBXFileReference; lastKnownFileType = sourcecode.c.h; path = SecondViewController.h; sourceTree = "<group>"; };
		DDC19B3519AAE11900D89172 /* SecondViewController.m */ = {isa = PBXFileReference; lastKnownFileType = sourcecode.c.objc; path = SecondViewController.m; sourceTree = "<group>"; };
		DDC19B3819AAE11900D89172 /* Base */ = {isa = PBXFileReference; lastKnownFileType = file.storyboard; name = Base; path = Base.lproj/Main.storyboard; sourceTree = "<group>"; };
		DDC19B3A19AAE11900D89172 /* Images.xcassets */ = {isa = PBXFileReference; lastKnownFileType = folder.assetcatalog; path = Images.xcassets; sourceTree = "<group>"; };
		DDC19B4019AAE11900D89172 /* testPNChartTests.xctest */ = {isa = PBXFileReference; explicitFileType = wrapper.cfbundle; includeInIndex = 0; path = testPNChartTests.xctest; sourceTree = BUILT_PRODUCTS_DIR; };
		DDC19B4519AAE11900D89172 /* Info.plist */ = {isa = PBXFileReference; lastKnownFileType = text.plist.xml; path = Info.plist; sourceTree = "<group>"; };
		DDC19B4619AAE11900D89172 /* testPNChartTests.m */ = {isa = PBXFileReference; lastKnownFileType = sourcecode.c.objc; path = testPNChartTests.m; sourceTree = "<group>"; };
/* End PBXFileReference section */

/* Begin PBXFrameworksBuildPhase section */
		DDC19B2419AAE11900D89172 /* Frameworks */ = {
			isa = PBXFrameworksBuildPhase;
			buildActionMask = 2147483647;
			files = (
			);
			runOnlyForDeploymentPostprocessing = 0;
		};
		DDC19B3D19AAE11900D89172 /* Frameworks */ = {
			isa = PBXFrameworksBuildPhase;
			buildActionMask = 2147483647;
			files = (
			);
			runOnlyForDeploymentPostprocessing = 0;
		};
/* End PBXFrameworksBuildPhase section */

/* Begin PBXGroup section */
		DDC19B1E19AAE11900D89172 = {
			isa = PBXGroup;
			children = (
				DDC19B2919AAE11900D89172 /* testPNChart */,
				DDC19B4319AAE11900D89172 /* testPNChartTests */,
				DDC19B2819AAE11900D89172 /* Products */,
			);
			sourceTree = "<group>";
		};
		DDC19B2819AAE11900D89172 /* Products */ = {
			isa = PBXGroup;
			children = (
				DDC19B2719AAE11900D89172 /* testPNChart.app */,
				DDC19B4019AAE11900D89172 /* testPNChartTests.xctest */,
			);
			name = Products;
			sourceTree = "<group>";
		};
		DDC19B2919AAE11900D89172 /* testPNChart */ = {
			isa = PBXGroup;
			children = (
				DDC19B2E19AAE11900D89172 /* AppDelegate.h */,
				DDC19B2F19AAE11900D89172 /* AppDelegate.m */,
				DDC19B3119AAE11900D89172 /* FirstViewController.h */,
				DDC19B3219AAE11900D89172 /* FirstViewController.m */,
				DDC19B3419AAE11900D89172 /* SecondViewController.h */,
				DDC19B3519AAE11900D89172 /* SecondViewController.m */,
				DDC19B3719AAE11900D89172 /* Main.storyboard */,
				DDC19B3A19AAE11900D89172 /* Images.xcassets */,
				DDC19B2A19AAE11900D89172 /* Supporting Files */,
			);
			path = testPNChart;
			sourceTree = "<group>";
		};
		DDC19B2A19AAE11900D89172 /* Supporting Files */ = {
			isa = PBXGroup;
			children = (
				DDC19B2B19AAE11900D89172 /* Info.plist */,
				DDC19B2C19AAE11900D89172 /* main.m */,
			);
			name = "Supporting Files";
			sourceTree = "<group>";
		};
		DDC19B4319AAE11900D89172 /* testPNChartTests */ = {
			isa = PBXGroup;
			children = (
				DDC19B4619AAE11900D89172 /* testPNChartTests.m */,
				DDC19B4419AAE11900D89172 /* Supporting Files */,
			);
			path = testPNChartTests;
			sourceTree = "<group>";
		};
		DDC19B4419AAE11900D89172 /* Supporting Files */ = {
			isa = PBXGroup;
			children = (
				DDC19B4519AAE11900D89172 /* Info.plist */,
			);
			name = "Supporting Files";
			sourceTree = "<group>";
		};
/* End PBXGroup section */

/* Begin PBXNativeTarget section */
		DDC19B2619AAE11900D89172 /* testPNChart */ = {
			isa = PBXNativeTarget;
			buildConfigurationList = DDC19B4A19AAE11900D89172 /* Build configuration list for PBXNativeTarget "testPNChart" */;
			buildPhases = (
				DDC19B2319AAE11900D89172 /* Sources */,
				DDC19B2419AAE11900D89172 /* Frameworks */,
				DDC19B2519AAE11900D89172 /* Resources */,
			);
			buildRules = (
			);
			dependencies = (
			);
			name = testPNChart;
			productName = testPNChart;
			productReference = DDC19B2719AAE11900D89172 /* testPNChart.app */;
			productType = "com.apple.product-type.application";
		};
		DDC19B3F19AAE11900D89172 /* testPNChartTests */ = {
			isa = PBXNativeTarget;
			buildConfigurationList = DDC19B4D19AAE11900D89172 /* Build configuration list for PBXNativeTarget "testPNChartTests" */;
			buildPhases = (
				DDC19B3C19AAE11900D89172 /* Sources */,
				DDC19B3D19AAE11900D89172 /* Frameworks */,
				DDC19B3E19AAE11900D89172 /* Resources */,
			);
			buildRules = (
			);
			dependencies = (
				DDC19B4219AAE11900D89172 /* PBXTargetDependency */,
			);
			name = testPNChartTests;
			productName = testPNChartTests;
			productReference = DDC19B4019AAE11900D89172 /* testPNChartTests.xctest */;
			productType = "com.apple.product-type.bundle.unit-test";
		};
/* End PBXNativeTarget section */

/* Begin PBXProject section */
		DDC19B1F19AAE11900D89172 /* Project object */ = {
			isa = PBXProject;
			attributes = {
				LastUpgradeCheck = 0600;
				ORGANIZATIONNAME = aidan;
				TargetAttributes = {
					DDC19B2619AAE11900D89172 = {
						CreatedOnToolsVersion = 6.0;
					};
					DDC19B3F19AAE11900D89172 = {
						CreatedOnToolsVersion = 6.0;
						TestTargetID = DDC19B2619AAE11900D89172;
					};
				};
			};
			buildConfigurationList = DDC19B2219AAE11900D89172 /* Build configuration list for PBXProject "testPNChart" */;
			compatibilityVersion = "Xcode 3.2";
			developmentRegion = English;
			hasScannedForEncodings = 0;
			knownRegions = (
				en,
				Base,
			);
			mainGroup = DDC19B1E19AAE11900D89172;
			productRefGroup = DDC19B2819AAE11900D89172 /* Products */;
			projectDirPath = "";
			projectRoot = "";
			targets = (
				DDC19B2619AAE11900D89172 /* testPNChart */,
				DDC19B3F19AAE11900D89172 /* testPNChartTests */,
			);
		};
/* End PBXProject section */

/* Begin PBXResourcesBuildPhase section */
		DDC19B2519AAE11900D89172 /* Resources */ = {
			isa = PBXResourcesBuildPhase;
			buildActionMask = 2147483647;
			files = (
				DDC19B3919AAE11900D89172 /* Main.storyboard in Resources */,
				DDC19B3B19AAE11900D89172 /* Images.xcassets in Resources */,
			);
			runOnlyForDeploymentPostprocessing = 0;
		};
		DDC19B3E19AAE11900D89172 /* Resources */ = {
			isa = PBXResourcesBuildPhase;
			buildActionMask = 2147483647;
			files = (
			);
			runOnlyForDeploymentPostprocessing = 0;
		};
/* End PBXResourcesBuildPhase section */

/* Begin PBXSourcesBuildPhase section */
		DDC19B2319AAE11900D89172 /* Sources */ = {
			isa = PBXSourcesBuildPhase;
			buildActionMask = 2147483647;
			files = (
				DDC19B3619AAE11900D89172 /* SecondViewController.m in Sources */,
				DDC19B3019AAE11900D89172 /* AppDelegate.m in Sources */,
				DDC19B3319AAE11900D89172 /* FirstViewController.m in Sources */,
				DDC19B2D19AAE11900D89172 /* main.m in Sources */,
			);
			runOnlyForDeploymentPostprocessing = 0;
		};
		DDC19B3C19AAE11900D89172 /* Sources */ = {
			isa = PBXSourcesBuildPhase;
			buildActionMask = 2147483647;
			files = (
				DDC19B4719AAE11900D89172 /* testPNChartTests.m in Sources */,
			);
			runOnlyForDeploymentPostprocessing = 0;
		};
/* End PBXSourcesBuildPhase section */

/* Begin PBXTargetDependency section */
		DDC19B4219AAE11900D89172 /* PBXTargetDependency */ = {
			isa = PBXTargetDependency;
			target = DDC19B2619AAE11900D89172 /* testPNChart */;
			targetProxy = DDC19B4119AAE11900D89172 /* PBXContainerItemProxy */;
		};
/* End PBXTargetDependency section */

/* Begin PBXVariantGroup section */
		DDC19B3719AAE11900D89172 /* Main.storyboard */ = {
			isa = PBXVariantGroup;
			children = (
				DDC19B3819AAE11900D89172 /* Base */,
			);
			name = Main.storyboard;
			sourceTree = "<group>";
		};
/* End PBXVariantGroup section */

/* Begin XCBuildConfiguration section */
		DDC19B4819AAE11900D89172 /* Debug */ = {
			isa = XCBuildConfiguration;
			buildSettings = {
				ALWAYS_SEARCH_USER_PATHS = NO;
				CLANG_CXX_LANGUAGE_STANDARD = "gnu++0x";
				CLANG_CXX_LIBRARY = "libc++";
				CLANG_ENABLE_MODULES = YES;
				CLANG_ENABLE_OBJC_ARC = YES;
				CLANG_WARN_BOOL_CONVERSION = YES;
				CLANG_WARN_CONSTANT_CONVERSION = YES;
				CLANG_WARN_DIRECT_OBJC_ISA_USAGE = YES_ERROR;
				CLANG_WARN_EMPTY_BODY = YES;
				CLANG_WARN_ENUM_CONVERSION = YES;
				CLANG_WARN_INT_CONVERSION = YES;
				CLANG_WARN_OBJC_ROOT_CLASS = YES_ERROR;
				CLANG_WARN_UNREACHABLE_CODE = YES;
				CLANG_WARN__DUPLICATE_METHOD_MATCH = YES;
				"CODE_SIGN_IDENTITY[sdk=iphoneos*]" = "iPhone Developer";
				COPY_PHASE_STRIP = NO;
				ENABLE_STRICT_OBJC_MSGSEND = YES;
				GCC_C_LANGUAGE_STANDARD = gnu99;
				GCC_DYNAMIC_NO_PIC = NO;
				GCC_OPTIMIZATION_LEVEL = 0;
				GCC_PREPROCESSOR_DEFINITIONS = (
					"DEBUG=1",
					"$(inherited)",
				);
				GCC_SYMBOLS_PRIVATE_EXTERN = NO;
				GCC_WARN_64_TO_32_BIT_CONVERSION = YES;
				GCC_WARN_ABOUT_RETURN_TYPE = YES_ERROR;
				GCC_WARN_UNDECLARED_SELECTOR = YES;
				GCC_WARN_UNINITIALIZED_AUTOS = YES_AGGRESSIVE;
				GCC_WARN_UNUSED_FUNCTION = YES;
				GCC_WARN_UNUSED_VARIABLE = YES;
				IPHONEOS_DEPLOYMENT_TARGET = 8.0;
				MTL_ENABLE_DEBUG_INFO = YES;
				ONLY_ACTIVE_ARCH = YES;
				SDKROOT = iphoneos;
			};
			name = Debug;
		};
		DDC19B4919AAE11900D89172 /* Release */ = {
			isa = XCBuildConfiguration;
			buildSettings = {
				ALWAYS_SEARCH_USER_PATHS = NO;
				CLANG_CXX_LANGUAGE_STANDARD = "gnu++0x";
				CLANG_CXX_LIBRARY = "libc++";
				CLANG_ENABLE_MODULES = YES;
				CLANG_ENABLE_OBJC_ARC = YES;
				CLANG_WARN_BOOL_CONVERSION = YES;
				CLANG_WARN_CONSTANT_CONVERSION = YES;
				CLANG_WARN_DIRECT_OBJC_ISA_USAGE = YES_ERROR;
				CLANG_WARN_EMPTY_BODY = YES;
				CLANG_WARN_ENUM_CONVERSION = YES;
				CLANG_WARN_INT_CONVERSION = YES;
				CLANG_WARN_OBJC_ROOT_CLASS = YES_ERROR;
				CLANG_WARN_UNREACHABLE_CODE = YES;
				CLANG_WARN__DUPLICATE_METHOD_MATCH = YES;
				"CODE_SIGN_IDENTITY[sdk=iphoneos*]" = "iPhone Developer";
				COPY_PHASE_STRIP = YES;
				ENABLE_NS_ASSERTIONS = NO;
				ENABLE_STRICT_OBJC_MSGSEND = YES;
				GCC_C_LANGUAGE_STANDARD = gnu99;
				GCC_WARN_64_TO_32_BIT_CONVERSION = YES;
				GCC_WARN_ABOUT_RETURN_TYPE = YES_ERROR;
				GCC_WARN_UNDECLARED_SELECTOR = YES;
				GCC_WARN_UNINITIALIZED_AUTOS = YES_AGGRESSIVE;
				GCC_WARN_UNUSED_FUNCTION = YES;
				GCC_WARN_UNUSED_VARIABLE = YES;
				IPHONEOS_DEPLOYMENT_TARGET = 8.0;
				MTL_ENABLE_DEBUG_INFO = NO;
				SDKROOT = iphoneos;
				VALIDATE_PRODUCT = YES;
			};
			name = Release;
		};
		DDC19B4B19AAE11900D89172 /* Debug */ = {
			isa = XCBuildConfiguration;
			buildSettings = {
				ASSETCATALOG_COMPILER_APPICON_NAME = AppIcon;
				ASSETCATALOG_COMPILER_LAUNCHIMAGE_NAME = LaunchImage;
				INFOPLIST_FILE = testPNChart/Info.plist;
				LD_RUNPATH_SEARCH_PATHS = "$(inherited) @executable_path/Frameworks";
				PRODUCT_NAME = "$(TARGET_NAME)";
			};
			name = Debug;
		};
		DDC19B4C19AAE11900D89172 /* Release */ = {
			isa = XCBuildConfiguration;
			buildSettings = {
				ASSETCATALOG_COMPILER_APPICON_NAME = AppIcon;
				ASSETCATALOG_COMPILER_LAUNCHIMAGE_NAME = LaunchImage;
				INFOPLIST_FILE = testPNChart/Info.plist;
				LD_RUNPATH_SEARCH_PATHS = "$(inherited) @executable_path/Frameworks";
				PRODUCT_NAME = "$(TARGET_NAME)";
			};
			name = Release;
		};
		DDC19B4E19AAE11900D89172 /* Debug */ = {
			isa = XCBuildConfiguration;
			buildSettings = {
				BUNDLE_LOADER = "$(TEST_HOST)";
				FRAMEWORK_SEARCH_PATHS = (
					"$(SDKROOT)/Developer/Library/Frameworks",
					"$(inherited)",
				);
				GCC_PREPROCESSOR_DEFINITIONS = (
					"DEBUG=1",
					"$(inherited)",
				);
				INFOPLIST_FILE = testPNChartTests/Info.plist;
				LD_RUNPATH_SEARCH_PATHS = "$(inherited) @executable_path/Frameworks @loader_path/Frameworks";
				PRODUCT_NAME = "$(TARGET_NAME)";
				TEST_HOST = "$(BUILT_PRODUCTS_DIR)/testPNChart.app/testPNChart";
			};
			name = Debug;
		};
		DDC19B4F19AAE11900D89172 /* Release */ = {
			isa = XCBuildConfiguration;
			buildSettings = {
				BUNDLE_LOADER = "$(TEST_HOST)";
				FRAMEWORK_SEARCH_PATHS = (
					"$(SDKROOT)/Developer/Library/Frameworks",
					"$(inherited)",
				);
				INFOPLIST_FILE = testPNChartTests/Info.plist;
				LD_RUNPATH_SEARCH_PATHS = "$(inherited) @executable_path/Frameworks @loader_path/Frameworks";
				PRODUCT_NAME = "$(TARGET_NAME)";
				TEST_HOST = "$(BUILT_PRODUCTS_DIR)/testPNChart.app/testPNChart";
			};
			name = Release;
		};
/* End XCBuildConfiguration section */

/* Begin XCConfigurationList section */
		DDC19B2219AAE11900D89172 /* Build configuration list for PBXProject "testPNChart" */ = {
			isa = XCConfigurationList;
			buildConfigurations = (
				DDC19B4819AAE11900D89172 /* Debug */,
				DDC19B4919AAE11900D89172 /* Release */,
			);
			defaultConfigurationIsVisible = 0;
			defaultConfigurationName = Release;
		};
		DDC19B4A19AAE11900D89172 /* Build configuration list for PBXNativeTarget "testPNChart" */ = {
			isa = XCConfigurationList;
			buildConfigurations = (
				DDC19B4B19AAE11900D89172 /* Debug */,
				DDC19B4C19AAE11900D89172 /* Release */,
			);
			defaultConfigurationIsVisible = 0;
		};
		DDC19B4D19AAE11900D89172 /* Build configuration list for PBXNativeTarget "testPNChartTests" */ = {
			isa = XCConfigurationList;
			buildConfigurations = (
				DDC19B4E19AAE11900D89172 /* Debug */,
				DDC19B4F19AAE11900D89172 /* Release */,
			);
			defaultConfigurationIsVisible = 0;
		};
/* End XCConfigurationList section */
	};
	rootObject = DDC19B1F19AAE11900D89172 /* Project object */;
}
